
Microsoft Visual Studio Solution File, Format Version 12.00
# Visual Studio Version 17
VisualStudioVersion = 17.0.32014.148
MinimumVisualStudioVersion = 10.0.40219.1
Project("{00D1A9C2-B5F0-4AF3-8072-F6C62B433612}") = "DatawarehouseSucos", "DatawarehouseSucos\DatawarehouseSucos.sqlproj", "{AE043EF6-B1C3-491C-A736-796F9B9ADAC0}"
EndProject
Global
	GlobalSection(SolutionConfigurationPlatforms) = preSolution
		Debug|Any CPU = Debug|Any CPU
		Release|Any CPU = Release|Any CPU
	EndGlobalSection
	GlobalSection(ProjectConfigurationPlatforms) = postSolution
		{AE043EF6-B1C3-491C-A736-796F9B9ADAC0}.Debug|Any CPU.ActiveCfg = Debug|Any CPU
		{AE043EF6-B1C3-491C-A736-796F9B9ADAC0}.Debug|Any CPU.Build.0 = Debug|Any CPU
		{AE043EF6-B1C3-491C-A736-796F9B9ADAC0}.Debug|Any CPU.Deploy.0 = Debug|Any CPU
		{AE043EF6-B1C3-491C-A736-796F9B9ADAC0}.Release|Any CPU.ActiveCfg = Release|Any CPU
		{AE043EF6-B1C3-491C-A736-796F9B9ADAC0}.Release|Any CPU.Build.0 = Release|Any CPU
		{AE043EF6-B1C3-491C-A736-796F9B9ADAC0}.Release|Any CPU.Deploy.0 = Release|Any CPU
	EndGlobalSection
	GlobalSection(SolutionProperties) = preSolution
		HideSolutionNode = FALSE
	EndGlobalSection
	GlobalSection(ExtensibilityGlobals) = postSolution
		SolutionGuid = {67B37509-03AB-41AF-9075-864B1354CE0E}
	EndGlobalSection
EndGlobal
